
Microsoft Visual Studio Solution File, Format Version 12.00
# Visual Studio Version 17
VisualStudioVersion = 17.8.34309.116
MinimumVisualStudioVersion = 10.0.40219.1
Project("{FAE04EC0-301F-11D3-BF4B-00C04F79EFBC}") = "RinhHackServer", "RinhHackServer\RinhHackServer.csproj", "{CA631721-72D8-439B-A704-8A1BD1B141E2}"
EndProject
Project("{E53339B2-1760-4266-BCC7-CA923CBCF16C}") = "docker-compose", "docker-compose.dcproj", "{17F72416-6F76-489D-A8AD-58F88C4A20D4}"
EndProject
Global
	GlobalSection(SolutionConfigurationPlatforms) = preSolution
		Debug|Any CPU = Debug|Any CPU
		Release|Any CPU = Release|Any CPU
	EndGlobalSection
	GlobalSection(ProjectConfigurationPlatforms) = postSolution
		{CA631721-72D8-439B-A704-8A1BD1B141E2}.Debug|Any CPU.ActiveCfg = Debug|Any CPU
		{CA631721-72D8-439B-A704-8A1BD1B141E2}.Debug|Any CPU.Build.0 = Debug|Any CPU
		{CA631721-72D8-439B-A704-8A1BD1B141E2}.Release|Any CPU.ActiveCfg = Release|Any CPU
		{CA631721-72D8-439B-A704-8A1BD1B141E2}.Release|Any CPU.Build.0 = Release|Any CPU
		{17F72416-6F76-489D-A8AD-58F88C4A20D4}.Debug|Any CPU.ActiveCfg = Debug|Any CPU
		{17F72416-6F76-489D-A8AD-58F88C4A20D4}.Debug|Any CPU.Build.0 = Debug|Any CPU
		{17F72416-6F76-489D-A8AD-58F88C4A20D4}.Release|Any CPU.ActiveCfg = Release|Any CPU
		{17F72416-6F76-489D-A8AD-58F88C4A20D4}.Release|Any CPU.Build.0 = Release|Any CPU
	EndGlobalSection
	GlobalSection(SolutionProperties) = preSolution
		HideSolutionNode = FALSE
	EndGlobalSection
	GlobalSection(ExtensibilityGlobals) = postSolution
		SolutionGuid = {951B2008-2BC1-478A-BBE8-7A61AD4A7A9E}
	EndGlobalSection
EndGlobal
